
Microsoft Visual Studio Solution File, Format Version 12.00
# Visual Studio Version 17
VisualStudioVersion = 17.4.33110.190
MinimumVisualStudioVersion = 10.0.40219.1
Project("{FAE04EC0-301F-11D3-BF4B-00C04F79EFBC}") = "FortechTP3A2", "FortechTP3A2\FortechTP3A2.csproj", "{ECD530FE-5423-4C33-87F0-CBDD6877B97D}"
EndProject
Global
	GlobalSection(SolutionConfigurationPlatforms) = preSolution
		Debug|Any CPU = Debug|Any CPU
		Release|Any CPU = Release|Any CPU
	EndGlobalSection
	GlobalSection(ProjectConfigurationPlatforms) = postSolution
		{ECD530FE-5423-4C33-87F0-CBDD6877B97D}.Debug|Any CPU.ActiveCfg = Debug|Any CPU
		{ECD530FE-5423-4C33-87F0-CBDD6877B97D}.Debug|Any CPU.Build.0 = Debug|Any CPU
		{ECD530FE-5423-4C33-87F0-CBDD6877B97D}.Release|Any CPU.ActiveCfg = Release|Any CPU
		{ECD530FE-5423-4C33-87F0-CBDD6877B97D}.Release|Any CPU.Build.0 = Release|Any CPU
	EndGlobalSection
	GlobalSection(SolutionProperties) = preSolution
		HideSolutionNode = FALSE
	EndGlobalSection
	GlobalSection(ExtensibilityGlobals) = postSolution
		SolutionGuid = {1A3A9314-A39E-4377-858E-269E2996F513}
	EndGlobalSection
EndGlobal
